
Microsoft Visual Studio Solution File, Format Version 12.00
# Visual Studio Version 17
VisualStudioVersion = 17.9.34728.123
MinimumVisualStudioVersion = 10.0.40219.1
Project("{FAE04EC0-301F-11D3-BF4B-00C04F79EFBC}") = "ElectroniaCrudQ2Backend", "ElectroniaCrudQ2Backend\ElectroniaCrudQ2Backend.csproj", "{8F13AC46-E1FB-42FC-9284-81317EB11B23}"
EndProject
Global
	GlobalSection(SolutionConfigurationPlatforms) = preSolution
		Debug|Any CPU = Debug|Any CPU
		Release|Any CPU = Release|Any CPU
	EndGlobalSection
	GlobalSection(ProjectConfigurationPlatforms) = postSolution
		{8F13AC46-E1FB-42FC-9284-81317EB11B23}.Debug|Any CPU.ActiveCfg = Debug|Any CPU
		{8F13AC46-E1FB-42FC-9284-81317EB11B23}.Debug|Any CPU.Build.0 = Debug|Any CPU
		{8F13AC46-E1FB-42FC-9284-81317EB11B23}.Release|Any CPU.ActiveCfg = Release|Any CPU
		{8F13AC46-E1FB-42FC-9284-81317EB11B23}.Release|Any CPU.Build.0 = Release|Any CPU
	EndGlobalSection
	GlobalSection(SolutionProperties) = preSolution
		HideSolutionNode = FALSE
	EndGlobalSection
	GlobalSection(ExtensibilityGlobals) = postSolution
		SolutionGuid = {CD4C16EA-C982-45BD-AAA6-9C7F5B571CE2}
	EndGlobalSection
EndGlobal
